
Microsoft Visual Studio Solution File, Format Version 12.00
# Visual Studio Version 17
VisualStudioVersion = 17.12.35707.178
MinimumVisualStudioVersion = 10.0.40219.1
Project("{FAE04EC0-301F-11D3-BF4B-00C04F79EFBC}") = "Bug.Chatter.Api", "Bug.Chatter\Bug.Chatter.Api.csproj", "{1E2DF928-33BD-45FA-8EFC-5DE50DF66ACE}"
EndProject
Project("{2150E333-8FDC-42A3-9474-1A3956D46DE8}") = "Bug.Chatter.Domain", "Bug.Chatter.Domain", "{5E26A681-65FE-4256-A256-B1C87CA1F9E2}"
EndProject
Project("{2150E333-8FDC-42A3-9474-1A3956D46DE8}") = "02 - Application Layer", "02 - Application Layer", "{8B7D470E-FDF9-4C10-8D79-2FBD7534D5EA}"
EndProject
Project("{2150E333-8FDC-42A3-9474-1A3956D46DE8}") = "Bug.Chatter.Infrastructure", "Bug.Chatter.Infrastructure", "{EC5AF5EE-DA02-4BFD-BC5F-E535606837E0}"
EndProject
Project("{2150E333-8FDC-42A3-9474-1A3956D46DE8}") = "01 - Application Stacks", "01 - Application Stacks", "{AFDB327F-37CF-464F-B162-AC4270DA673D}"
EndProject
Project("{2150E333-8FDC-42A3-9474-1A3956D46DE8}") = "Bug.Chatter.Domain.Tests", "Bug.Chatter.Domain.Tests", "{89BCBEE6-81CE-4659-A600-B5C44FCF9287}"
EndProject
Project("{2150E333-8FDC-42A3-9474-1A3956D46DE8}") = "Bug.Chatter.Application.Tests", "Bug.Chatter.Application.Tests", "{A3B8204E-F1F6-4024-819F-F50DC88A2C45}"
EndProject
Project("{FAE04EC0-301F-11D3-BF4B-00C04F79EFBC}") = "Bug.Chatter.Domain", "Bug.Chatter.Domain\Bug.Chatter.Domain.csproj", "{9228BD4E-6A0D-4365-A936-DD6BE84A9892}"
EndProject
Project("{FAE04EC0-301F-11D3-BF4B-00C04F79EFBC}") = "Bug.Chatter.Domain.Tests", "Bug.Chatter.Domain.Tests\Bug.Chatter.Domain.Tests.csproj", "{34467643-3A06-4106-A64D-5394DC06ED77}"
EndProject
Project("{FAE04EC0-301F-11D3-BF4B-00C04F79EFBC}") = "Bug.Chatter.Application", "Bug.Chatter.Application\Bug.Chatter.Application.csproj", "{6ADC167A-96EC-4183-81AA-DC8831E0BD52}"
EndProject
Project("{FAE04EC0-301F-11D3-BF4B-00C04F79EFBC}") = "Bug.Chatter.DataAccess.Repositories", "Bug.Chatter.DataAccess.Repositories\Bug.Chatter.DataAccess.Repositories.csproj", "{6326AF93-B5B0-4A9C-AC43-BDB9C31C1712}"
EndProject
Project("{FAE04EC0-301F-11D3-BF4B-00C04F79EFBC}") = "Bug.Chatter.Infrastructure.IntegratedTests", "Bug.Chatter.Infrastructure.IntegratedTests\Bug.Chatter.Infrastructure.IntegratedTests.csproj", "{D998564A-82F2-4D29-A416-9647525FC134}"
EndProject
Global
	GlobalSection(SolutionConfigurationPlatforms) = preSolution
		Debug|Any CPU = Debug|Any CPU
		Release|Any CPU = Release|Any CPU
	EndGlobalSection
	GlobalSection(ProjectConfigurationPlatforms) = postSolution
		{1E2DF928-33BD-45FA-8EFC-5DE50DF66ACE}.Debug|Any CPU.ActiveCfg = Debug|Any CPU
		{1E2DF928-33BD-45FA-8EFC-5DE50DF66ACE}.Debug|Any CPU.Build.0 = Debug|Any CPU
		{1E2DF928-33BD-45FA-8EFC-5DE50DF66ACE}.Release|Any CPU.ActiveCfg = Release|Any CPU
		{1E2DF928-33BD-45FA-8EFC-5DE50DF66ACE}.Release|Any CPU.Build.0 = Release|Any CPU
		{9228BD4E-6A0D-4365-A936-DD6BE84A9892}.Debug|Any CPU.ActiveCfg = Debug|Any CPU
		{9228BD4E-6A0D-4365-A936-DD6BE84A9892}.Debug|Any CPU.Build.0 = Debug|Any CPU
		{9228BD4E-6A0D-4365-A936-DD6BE84A9892}.Release|Any CPU.ActiveCfg = Release|Any CPU
		{9228BD4E-6A0D-4365-A936-DD6BE84A9892}.Release|Any CPU.Build.0 = Release|Any CPU
		{34467643-3A06-4106-A64D-5394DC06ED77}.Debug|Any CPU.ActiveCfg = Debug|Any CPU
		{34467643-3A06-4106-A64D-5394DC06ED77}.Debug|Any CPU.Build.0 = Debug|Any CPU
		{34467643-3A06-4106-A64D-5394DC06ED77}.Release|Any CPU.ActiveCfg = Release|Any CPU
		{34467643-3A06-4106-A64D-5394DC06ED77}.Release|Any CPU.Build.0 = Release|Any CPU
		{6ADC167A-96EC-4183-81AA-DC8831E0BD52}.Debug|Any CPU.ActiveCfg = Debug|Any CPU
		{6ADC167A-96EC-4183-81AA-DC8831E0BD52}.Debug|Any CPU.Build.0 = Debug|Any CPU
		{6ADC167A-96EC-4183-81AA-DC8831E0BD52}.Release|Any CPU.ActiveCfg = Release|Any CPU
		{6ADC167A-96EC-4183-81AA-DC8831E0BD52}.Release|Any CPU.Build.0 = Release|Any CPU
		{6326AF93-B5B0-4A9C-AC43-BDB9C31C1712}.Debug|Any CPU.ActiveCfg = Debug|Any CPU
		{6326AF93-B5B0-4A9C-AC43-BDB9C31C1712}.Debug|Any CPU.Build.0 = Debug|Any CPU
		{6326AF93-B5B0-4A9C-AC43-BDB9C31C1712}.Release|Any CPU.ActiveCfg = Release|Any CPU
		{6326AF93-B5B0-4A9C-AC43-BDB9C31C1712}.Release|Any CPU.Build.0 = Release|Any CPU
		{D998564A-82F2-4D29-A416-9647525FC134}.Debug|Any CPU.ActiveCfg = Debug|Any CPU
		{D998564A-82F2-4D29-A416-9647525FC134}.Debug|Any CPU.Build.0 = Debug|Any CPU
		{D998564A-82F2-4D29-A416-9647525FC134}.Release|Any CPU.ActiveCfg = Release|Any CPU
		{D998564A-82F2-4D29-A416-9647525FC134}.Release|Any CPU.Build.0 = Release|Any CPU
	EndGlobalSection
	GlobalSection(SolutionProperties) = preSolution
		HideSolutionNode = FALSE
	EndGlobalSection
	GlobalSection(NestedProjects) = preSolution
		{1E2DF928-33BD-45FA-8EFC-5DE50DF66ACE} = {AFDB327F-37CF-464F-B162-AC4270DA673D}
		{9228BD4E-6A0D-4365-A936-DD6BE84A9892} = {5E26A681-65FE-4256-A256-B1C87CA1F9E2}
		{34467643-3A06-4106-A64D-5394DC06ED77} = {89BCBEE6-81CE-4659-A600-B5C44FCF9287}
		{6ADC167A-96EC-4183-81AA-DC8831E0BD52} = {8B7D470E-FDF9-4C10-8D79-2FBD7534D5EA}
		{6326AF93-B5B0-4A9C-AC43-BDB9C31C1712} = {EC5AF5EE-DA02-4BFD-BC5F-E535606837E0}
		{D998564A-82F2-4D29-A416-9647525FC134} = {EC5AF5EE-DA02-4BFD-BC5F-E535606837E0}
	EndGlobalSection
EndGlobal
